{
  "name": "myei-notifyjs",
  "version": "1.1.0",
  "lockfileVersion": 2,
  "requires": true,
  "packages": {
    "": {
      "name": "myei-notifyjs",
      "version": "1.1.0",
      "license": "ISC",
      "dependencies": {
        "@fontsource/roboto": "^4.5.1",
        "tinycolor2": "^1.4.2"
      }
    },
    "node_modules/@fontsource/roboto": {
      "version": "4.5.1",
      "resolved": "https://registry.npmjs.org/@fontsource/roboto/-/roboto-4.5.1.tgz",
      "integrity": "sha512-3mhfL+eNPG/woMNqwD/OHaW5qMpeGEBsDwzmhFmjB1yUV+M+M9P0NhP/AyHvnGz3DrqkvZ7CPzNMa+UkVLeELg=="
    },
    "node_modules/tinycolor2": {
      "version": "1.4.2",
      "resolved": "https://registry.npmjs.org/tinycolor2/-/tinycolor2-1.4.2.tgz",
      "integrity": "sha512-vJhccZPs965sV/L2sU4oRQVAos0pQXwsvTLkWYdqJ+a8Q5kPFzJTuOFwy7UniPli44NKQGAglksjvOcpo95aZA==",
      "engines": {
        "node": "*"
      }
    }
  },
  "dependencies": {
    "@fontsource/roboto": {
      "version": "4.5.1",
      "resolved": "https://registry.npmjs.org/@fontsource/roboto/-/roboto-4.5.1.tgz",
      "integrity": "sha512-3mhfL+eNPG/woMNqwD/OHaW5qMpeGEBsDwzmhFmjB1yUV+M+M9P0NhP/AyHvnGz3DrqkvZ7CPzNMa+UkVLeELg=="
    },
    "tinycolor2": {
      "version": "1.4.2",
      "resolved": "https://registry.npmjs.org/tinycolor2/-/tinycolor2-1.4.2.tgz",
      "integrity": "sha512-vJhccZPs965sV/L2sU4oRQVAos0pQXwsvTLkWYdqJ+a8Q5kPFzJTuOFwy7UniPli44NKQGAglksjvOcpo95aZA=="
    }
  }
}
